// !$*UTF8*$!
{
	archiveVersion = 1;
	classes = {
	};
	objectVersion = 56;
	objects = {
		AD53204D4D42561BA3CC1324 /* HealthAnomalyApp.swift */ = {isa = PBXFileReference; lastKnownFileType = sourcecode.swift; path = HealthAnomalyApp.swift; sourceTree = "<group>"; };
		5E58546F0F74511882DE30C7 /* HealthKitPipeline.swift */ = {isa = PBXFileReference; lastKnownFileType = sourcecode.swift; path = HealthKitPipeline.swift; sourceTree = "<group>"; };
		0D9E0DF184345AE68CAB5573 /* Preprocessing.swift */ = {isa = PBXFileReference; lastKnownFileType = sourcecode.swift; path = Preprocessing.swift; sourceTree = "<group>"; };
		05671A2E47245533B3B4153A /* ModelsAndScoring.swift */ = {isa = PBXFileReference; lastKnownFileType = sourcecode.swift; path = ModelsAndScoring.swift; sourceTree = "<group>"; };
		6EA08B77D0FB5A1AB9CD3571 /* Storage.swift */ = {isa = PBXFileReference; lastKnownFileType = sourcecode.swift; path = Storage.swift; sourceTree = "<group>"; };
		BBE1E9E65CF05BED945A7BD2 /* PopulationPriors.json */ = {isa = PBXFileReference; lastKnownFileType = text.json; path = Resources/PopulationPriors.json; sourceTree = "<group>"; };
		F37FD02AB0D25F11AA331371 /* ioshealth.entitlements */ = {isa = PBXFileReference; lastKnownFileType = text.plist.entitlements; path = ioshealth.entitlements; sourceTree = "<group>"; };
		CE3C72BACB4454DA8D251437 /* HealthAnomalyApp.swift in Sources */ = {isa = PBXBuildFile; fileRef = AD53204D4D42561BA3CC1324 /* HealthAnomalyApp.swift */; };
		FCE9C564AF7551B58A6DD8A8 /* HealthKitPipeline.swift in Sources */ = {isa = PBXBuildFile; fileRef = 5E58546F0F74511882DE30C7 /* HealthKitPipeline.swift */; };
		0DAFA70109275992BDC2F2C6 /* Preprocessing.swift in Sources */ = {isa = PBXBuildFile; fileRef = 0D9E0DF184345AE68CAB5573 /* Preprocessing.swift */; };
		0766C17FDF275DCA94B564A7 /* ModelsAndScoring.swift in Sources */ = {isa = PBXBuildFile; fileRef = 05671A2E47245533B3B4153A /* ModelsAndScoring.swift */; };
		907ACEEA0EB9550EADB7BF19 /* Storage.swift in Sources */ = {isa = PBXBuildFile; fileRef = 6EA08B77D0FB5A1AB9CD3571 /* Storage.swift */; };
		E78DC28D09805374AEC821FE /* PopulationPriors.json in Resources */ = {isa = PBXBuildFile; fileRef = BBE1E9E65CF05BED945A7BD2 /* PopulationPriors.json */; };
		02B84F75C35750BE864026AF /* HealthKit.framework */ = {isa = PBXFileReference; lastKnownFileType = wrapper.framework; name = HealthKit.framework; path = System/Library/Frameworks/HealthKit.framework; sourceTree = SDKROOT; };
		FDFDEFE7C16551FF9C3C2B24 /* HealthKit.framework in Frameworks */ = {isa = PBXBuildFile; fileRef = 02B84F75C35750BE864026AF /* HealthKit.framework */; };
		AAE58C6B5D175715B9F98F45 /* ioshealth.app */ = {isa = PBXFileReference; explicitFileType = wrapper.application; includeInIndex = 0; path = ioshealth.app; sourceTree = BUILT_PRODUCTS_DIR; };
		CCCC0001CCCC0001CCCC0001 /* PredictionBase.safetensors */ = {isa = PBXFileReference; lastKnownFileType = file; path = Resources/PredictionBase.safetensors; sourceTree = "<group>"; };
		CCCC0002CCCC0002CCCC0002 /* PredictionBase.json */ = {isa = PBXFileReference; lastKnownFileType = text.json; path = Resources/PredictionBase.json; sourceTree = "<group>"; };
		DDDD0001DDDD0001DDDD0001 /* MLXRuntime.swift */ = {isa = PBXFileReference; lastKnownFileType = sourcecode.swift; path = MLXRuntime.swift; sourceTree = "<group>"; };
		CCCC0011CCCC0011CCCC0011 /* PredictionBase.safetensors in Resources */ = {isa = PBXBuildFile; fileRef = CCCC0001CCCC0001CCCC0001 /* PredictionBase.safetensors */; };
		CCCC0012CCCC0012CCCC0012 /* PredictionBase.json in Resources */ = {isa = PBXBuildFile; fileRef = CCCC0002CCCC0002CCCC0002 /* PredictionBase.json */; };
		DDDD0011DDDD0011DDDD0011 /* MLXRuntime.swift in Sources */ = {isa = PBXBuildFile; fileRef = DDDD0001DDDD0001DDDD0001 /* MLXRuntime.swift */; };
		DDDD0002DDDD0002DDDD0002 /* ATModel.swift */ = {isa = PBXFileReference; lastKnownFileType = sourcecode.swift; path = ATModel.swift; sourceTree = "<group>"; };
		DDDD0012DDDD0012DDDD0012 /* ATModel.swift in Sources */ = {isa = PBXBuildFile; fileRef = DDDD0002DDDD0002DDDD0002 /* ATModel.swift */; };
		BBBB0002BBBB0002BBBB0002 /* MLX in Frameworks */ = {isa = PBXBuildFile; productRef = AAAA0002AAAA0002AAAA0002 /* MLX */; };
		BBBB0003BBBB0003BBBB0003 /* MLXNN in Frameworks */ = {isa = PBXBuildFile; productRef = AAAA0003AAAA0003AAAA0003 /* MLXNN */; };
		BBBB0004BBBB0004BBBB0004 /* MLXOptimizers in Frameworks */ = {isa = PBXBuildFile; productRef = AAAA0004AAAA0004AAAA0004 /* MLXOptimizers */; };
		BBBB0005BBBB0005BBBB0005 /* MLXRandom in Frameworks */ = {isa = PBXBuildFile; productRef = AAAA0005AAAA0005AAAA0005 /* MLXRandom */; };
		24ECE67830775FF7AADF62AA = {isa = PBXGroup; children = ( 4A6E84F06B715DF391350B68 /* ioshealth */, 7B63B50EDD595E9D96739F33 /* Frameworks */, 5A5191772FB159B1968E3BC3 /* Products */, ); sourceTree = "<group>"; };
		4A6E84F06B715DF391350B68 /* ioshealth */ = {isa = PBXGroup; children = ( AD53204D4D42561BA3CC1324 /* HealthAnomalyApp.swift */, 5E58546F0F74511882DE30C7 /* HealthKitPipeline.swift */, 0D9E0DF184345AE68CAB5573 /* Preprocessing.swift */, 05671A2E47245533B3B4153A /* ModelsAndScoring.swift */, 6EA08B77D0FB5A1AB9CD3571 /* Storage.swift */, BBE1E9E65CF05BED945A7BD2 /* PopulationPriors.json */, CCCC0001CCCC0001CCCC0001 /* PredictionBase.safetensors */, CCCC0002CCCC0002CCCC0002 /* PredictionBase.json */, DDDD0001DDDD0001DDDD0001 /* MLXRuntime.swift */, DDDD0002DDDD0002DDDD0002 /* ATModel.swift */, F37FD02AB0D25F11AA331371 /* ioshealth.entitlements */, ); path = ioshealth; sourceTree = "<group>"; };
		7B63B50EDD595E9D96739F33 /* Frameworks */ = {isa = PBXGroup; children = ( 02B84F75C35750BE864026AF /* HealthKit.framework */, ); name = Frameworks; sourceTree = "<group>"; };
		5A5191772FB159B1968E3BC3 /* Products */ = {isa = PBXGroup; children = ( AAE58C6B5D175715B9F98F45 /* ioshealth.app */, ); name = Products; sourceTree = "<group>"; };
		A1B70958438352A391B7C6BE /* Sources */ = {isa = PBXSourcesBuildPhase; buildActionMask = 2147483647; files = ( CE3C72BACB4454DA8D251437, FCE9C564AF7551B58A6DD8A8, 0DAFA70109275992BDC2F2C6, 0766C17FDF275DCA94B564A7, 907ACEEA0EB9550EADB7BF19, DDDD0011DDDD0011DDDD0011, DDDD0012DDDD0012DDDD0012 ); runOnlyForDeploymentPostprocessing = 0; };
		1B3F8621C779552F93744B51 /* Resources */ = {isa = PBXResourcesBuildPhase; buildActionMask = 2147483647; files = ( E78DC28D09805374AEC821FE, CCCC0011CCCC0011CCCC0011, CCCC0012CCCC0012CCCC0012 ); runOnlyForDeploymentPostprocessing = 0; };
		4542FC94F39C5BE3BF43A353 /* Frameworks */ = {isa = PBXFrameworksBuildPhase; buildActionMask = 2147483647; files = ( FDFDEFE7C16551FF9C3C2B24 /* HealthKit.framework in Frameworks */, BBBB0002BBBB0002BBBB0002 /* MLX in Frameworks */, BBBB0003BBBB0003BBBB0003 /* MLXNN in Frameworks */, BBBB0004BBBB0004BBBB0004 /* MLXOptimizers in Frameworks */, BBBB0005BBBB0005BBBB0005 /* MLXRandom in Frameworks */ ); runOnlyForDeploymentPostprocessing = 0; };
		E28C36064DEC5DF0806B68DE /* ioshealth */ = {isa = PBXNativeTarget; buildConfigurationList = ECDFC88A5BE05668904635BE /* Build configuration list for PBXNativeTarget "ioshealth" */; buildPhases = ( A1B70958438352A391B7C6BE /* Sources */, 4542FC94F39C5BE3BF43A353 /* Frameworks */, 1B3F8621C779552F93744B51 /* Resources */, ); buildRules = ( ); dependencies = ( ); packageProductDependencies = ( AAAA0002AAAA0002AAAA0002 /* MLX */, AAAA0003AAAA0003AAAA0003 /* MLXNN */, AAAA0004AAAA0004AAAA0004 /* MLXOptimizers */, AAAA0005AAAA0005AAAA0005 /* MLXRandom */ ); name = ioshealth; productName = ioshealth; productReference = AAE58C6B5D175715B9F98F45 /* ioshealth.app */; productType = "com.apple.product-type.application"; };
		E37B701EE20E5B5191A640F9 /* Project object */ = {isa = PBXProject; attributes = {BuildIndependentTargetsInParallel = 1; LastSwiftUpdateCheck = 1540; LastUpgradeCheck = 1540; TargetAttributes = {E28C36064DEC5DF0806B68DE = {CreatedOnToolsVersion = 15.4;};};}; buildConfigurationList = 4B5E687215A157EEB99F8FC6 /* Build configuration list for PBXProject "ioshealth" */; compatibilityVersion = "Xcode 14.0"; developmentRegion = en; hasScannedForEncodings = 0; knownRegions = ( en, Base, ); mainGroup = 24ECE67830775FF7AADF62AA; packageReferences = ( AAAA0001AAAA0001AAAA0001 /* XCRemoteSwiftPackageReference "mlx-swift" */ ); productRefGroup = 5A5191772FB159B1968E3BC3 /* Products */; projectDirPath = ""; projectRoot = ""; targets = ( E28C36064DEC5DF0806B68DE /* ioshealth */, ); };
		B39D6E19091854368244492B /* Debug */ = {isa = XCBuildConfiguration; buildSettings = {
				ALWAYS_SEARCH_USER_PATHS = NO;
				CLANG_ENABLE_MODULES = YES;
				CLANG_ENABLE_OBJC_ARC = YES;
				COPY_PHASE_STRIP = NO;
				IPHONEOS_DEPLOYMENT_TARGET = 26.0;
				SDKROOT = iphoneos;
				SUPPORTED_PLATFORMS = "iphoneos iphonesimulator";
				SWIFT_VERSION = 5.0;
				TARGETED_DEVICE_FAMILY = 1;
				DEBUG_INFORMATION_FORMAT = dwarf;
				ENABLE_TESTABILITY = YES;
				GCC_OPTIMIZATION_LEVEL = 0;
				SWIFT_OPTIMIZATION_LEVEL = "-Onone";
			}; name = Debug; };
		38BB757452845FF895A4C31F /* Release */ = {isa = XCBuildConfiguration; buildSettings = {
				ALWAYS_SEARCH_USER_PATHS = NO;
				CLANG_ENABLE_MODULES = YES;
				CLANG_ENABLE_OBJC_ARC = YES;
				COPY_PHASE_STRIP = NO;
				IPHONEOS_DEPLOYMENT_TARGET = 26.0;
				SDKROOT = iphoneos;
				SUPPORTED_PLATFORMS = "iphoneos iphonesimulator";
				SWIFT_VERSION = 5.0;
				TARGETED_DEVICE_FAMILY = 1;
				DEBUG_INFORMATION_FORMAT = "dwarf-with-dsym";
				SWIFT_COMPILATION_MODE = wholemodule;
				SWIFT_OPTIMIZATION_LEVEL = "-O";
			}; name = Release; };
		450239352FA958EBA871662C /* Debug */ = {isa = XCBuildConfiguration; buildSettings = {
				CODE_SIGN_ENTITLEMENTS = ioshealth/ioshealth.entitlements;
				CODE_SIGN_STYLE = Automatic;
				CURRENT_PROJECT_VERSION = 1;
				GENERATE_INFOPLIST_FILE = YES;
				INFOPLIST_KEY_CFBundleDisplayName = "Health Anomaly";
				INFOPLIST_KEY_NSHealthShareUsageDescription = "Read Apple Health history to train an on-device personalized anomaly detection model.";
				INFOPLIST_KEY_NSHealthUpdateUsageDescription = "This app does not write Health data by default.";
				INFOPLIST_KEY_UILaunchScreen_Generation = YES;
				INFOPLIST_KEY_UIApplicationSceneManifest_Generation = YES;
				INFOPLIST_KEY_UISupportedInterfaceOrientations_iPhone = "UIInterfaceOrientationPortrait";
				LD_RUNPATH_SEARCH_PATHS = "$(inherited) @executable_path/Frameworks";
				MARKETING_VERSION = 1.0;
				PRODUCT_BUNDLE_IDENTIFIER = com.codex.healthanomaly;
				PRODUCT_NAME = "$(TARGET_NAME)";
				SWIFT_VERSION = 5.0;
				TARGETED_DEVICE_FAMILY = 1;
			}; name = Debug; };
		C8675F4F49815AA4856CDF3A /* Release */ = {isa = XCBuildConfiguration; buildSettings = {
				CODE_SIGN_ENTITLEMENTS = ioshealth/ioshealth.entitlements;
				CODE_SIGN_STYLE = Automatic;
				CURRENT_PROJECT_VERSION = 1;
				GENERATE_INFOPLIST_FILE = YES;
				INFOPLIST_KEY_CFBundleDisplayName = "Health Anomaly";
				INFOPLIST_KEY_NSHealthShareUsageDescription = "Read Apple Health history to train an on-device personalized anomaly detection model.";
				INFOPLIST_KEY_NSHealthUpdateUsageDescription = "This app does not write Health data by default.";
				INFOPLIST_KEY_UILaunchScreen_Generation = YES;
				INFOPLIST_KEY_UIApplicationSceneManifest_Generation = YES;
				INFOPLIST_KEY_UISupportedInterfaceOrientations_iPhone = "UIInterfaceOrientationPortrait";
				LD_RUNPATH_SEARCH_PATHS = "$(inherited) @executable_path/Frameworks";
				MARKETING_VERSION = 1.0;
				PRODUCT_BUNDLE_IDENTIFIER = com.codex.healthanomaly;
				PRODUCT_NAME = "$(TARGET_NAME)";
				SWIFT_VERSION = 5.0;
				TARGETED_DEVICE_FAMILY = 1;
			}; name = Release; };
		4B5E687215A157EEB99F8FC6 /* Build configuration list for PBXProject "ioshealth" */ = {isa = XCConfigurationList; buildConfigurations = ( B39D6E19091854368244492B /* Debug */, 38BB757452845FF895A4C31F /* Release */, ); defaultConfigurationIsVisible = 0; defaultConfigurationName = Release; };
		ECDFC88A5BE05668904635BE /* Build configuration list for PBXNativeTarget "ioshealth" */ = {isa = XCConfigurationList; buildConfigurations = ( 450239352FA958EBA871662C /* Debug */, C8675F4F49815AA4856CDF3A /* Release */, ); defaultConfigurationIsVisible = 0; defaultConfigurationName = Release; };
		AAAA0001AAAA0001AAAA0001 /* XCRemoteSwiftPackageReference "mlx-swift" */ = {
			isa = XCRemoteSwiftPackageReference;
			repositoryURL = "https://github.com/ml-explore/mlx-swift";
			requirement = {
				kind = exactVersion;
				version = 0.31.4;
			};
		};
		AAAA0002AAAA0002AAAA0002 /* MLX */ = {isa = XCSwiftPackageProductDependency; package = AAAA0001AAAA0001AAAA0001 /* XCRemoteSwiftPackageReference "mlx-swift" */; productName = MLX; };
		AAAA0003AAAA0003AAAA0003 /* MLXNN */ = {isa = XCSwiftPackageProductDependency; package = AAAA0001AAAA0001AAAA0001 /* XCRemoteSwiftPackageReference "mlx-swift" */; productName = MLXNN; };
		AAAA0004AAAA0004AAAA0004 /* MLXOptimizers */ = {isa = XCSwiftPackageProductDependency; package = AAAA0001AAAA0001AAAA0001 /* XCRemoteSwiftPackageReference "mlx-swift" */; productName = MLXOptimizers; };
		AAAA0005AAAA0005AAAA0005 /* MLXRandom */ = {isa = XCSwiftPackageProductDependency; package = AAAA0001AAAA0001AAAA0001 /* XCRemoteSwiftPackageReference "mlx-swift" */; productName = MLXRandom; };
	};
	rootObject = E37B701EE20E5B5191A640F9 /* Project object */;
}


